
Microsoft Visual Studio Solution File, Format Version 12.00
Project("{FAE04EC0-301F-11D3-BF4B-00C04F79EFBC}") = "Laba13", "Laba13\Laba13.csproj", "{FABDB49C-9B12-45FF-B242-28367D948379}"
EndProject
Global
	GlobalSection(SolutionConfigurationPlatforms) = preSolution
		Debug|Any CPU = Debug|Any CPU
		Release|Any CPU = Release|Any CPU
	EndGlobalSection
	GlobalSection(ProjectConfigurationPlatforms) = postSolution
		{FABDB49C-9B12-45FF-B242-28367D948379}.Debug|Any CPU.ActiveCfg = Debug|Any CPU
		{FABDB49C-9B12-45FF-B242-28367D948379}.Debug|Any CPU.Build.0 = Debug|Any CPU
		{FABDB49C-9B12-45FF-B242-28367D948379}.Release|Any CPU.ActiveCfg = Release|Any CPU
		{FABDB49C-9B12-45FF-B242-28367D948379}.Release|Any CPU.Build.0 = Release|Any CPU
	EndGlobalSection
EndGlobal
