
Microsoft Visual Studio Solution File, Format Version 12.00
Project("{FAE04EC0-301F-11D3-BF4B-00C04F79EFBC}") = "Laba14", "Laba14\Laba14.csproj", "{67813649-0E8B-4102-8205-31DFD69C2BB0}"
EndProject
Global
	GlobalSection(SolutionConfigurationPlatforms) = preSolution
		Debug|Any CPU = Debug|Any CPU
		Release|Any CPU = Release|Any CPU
	EndGlobalSection
	GlobalSection(ProjectConfigurationPlatforms) = postSolution
		{67813649-0E8B-4102-8205-31DFD69C2BB0}.Debug|Any CPU.ActiveCfg = Debug|Any CPU
		{67813649-0E8B-4102-8205-31DFD69C2BB0}.Debug|Any CPU.Build.0 = Debug|Any CPU
		{67813649-0E8B-4102-8205-31DFD69C2BB0}.Release|Any CPU.ActiveCfg = Release|Any CPU
		{67813649-0E8B-4102-8205-31DFD69C2BB0}.Release|Any CPU.Build.0 = Release|Any CPU
	EndGlobalSection
EndGlobal
